// !$*UTF8*$!
{
	archiveVersion = 1;
	classes = {
	};
	objectVersion = 46;
	objects = {

/* Begin PBXBuildFile section */
		DE9BA93B142DD06600227417 /* UIKit.framework in Frameworks */ = {isa = PBXBuildFile; fileRef = DE9BA93A142DD06600227417 /* UIKit.framework */; };
		DE9BA93D142DD06600227417 /* Foundation.framework in Frameworks */ = {isa = PBXBuildFile; fileRef = DE9BA93C142DD06600227417 /* Foundation.framework */; };
		DE9BA93F142DD06600227417 /* CoreGraphics.framework in Frameworks */ = {isa = PBXBuildFile; fileRef = DE9BA93E142DD06600227417 /* CoreGraphics.framework */; };
		DE9BA945142DD06600227417 /* InfoPlist.strings in Resources */ = {isa = PBXBuildFile; fileRef = DE9BA943142DD06600227417 /* InfoPlist.strings */; };
		DE9BA948142DD06600227417 /* main.m in Sources */ = {isa = PBXBuildFile; fileRef = DE9BA947142DD06600227417 /* main.m */; };
		DE9BA94B142DD06600227417 /* SCGGame_ipadAppDelegate.m in Sources */ = {isa = PBXBuildFile; fileRef = DE9BA94A142DD06600227417 /* SCGGame_ipadAppDelegate.m */; };
		DE9BA94E142DD06600227417 /* MainWindow.xib in Resources */ = {isa = PBXBuildFile; fileRef = DE9BA94C142DD06600227417 /* MainWindow.xib */; };
		DE9BA951142DD06600227417 /* SCGGame_ipadViewController.m in Sources */ = {isa = PBXBuildFile; fileRef = DE9BA950142DD06600227417 /* SCGGame_ipadViewController.m */; };
		DE9BA954142DD06600227417 /* SCGGame_ipadViewController.xib in Resources */ = {isa = PBXBuildFile; fileRef = DE9BA952142DD06600227417 /* SCGGame_ipadViewController.xib */; };
		DE9BA96D142DD0B000227417 /* frame-game.png in Resources */ = {isa = PBXBuildFile; fileRef = DE9BA95B142DD0B000227417 /* frame-game.png */; };
		DE9BA96E142DD0B000227417 /* high-score.png in Resources */ = {isa = PBXBuildFile; fileRef = DE9BA95C142DD0B000227417 /* high-score.png */; };
		DE9BA96F142DD0B000227417 /* hint114x114.png in Resources */ = {isa = PBXBuildFile; fileRef = DE9BA95D142DD0B000227417 /* hint114x114.png */; };
		DE9BA970142DD0B000227417 /* icons-play.png in Resources */ = {isa = PBXBuildFile; fileRef = DE9BA95E142DD0B000227417 /* icons-play.png */; };
		DE9BA971142DD0B000227417 /* icons-question.png in Resources */ = {isa = PBXBuildFile; fileRef = DE9BA95F142DD0B000227417 /* icons-question.png */; };
		DE9BA972142DD0B000227417 /* icons-sound.png in Resources */ = {isa = PBXBuildFile; fileRef = DE9BA960142DD0B000227417 /* icons-sound.png */; };
		DE9BA973142DD0B000227417 /* logo-game.png in Resources */ = {isa = PBXBuildFile; fileRef = DE9BA961142DD0B000227417 /* logo-game.png */; };
		DE9BA974142DD0B000227417 /* logo-naichangdee.gif in Resources */ = {isa = PBXBuildFile; fileRef = DE9BA962142DD0B000227417 /* logo-naichangdee.gif */; };
		DE9BA975142DD0B000227417 /* quit114x114.png in Resources */ = {isa = PBXBuildFile; fileRef = DE9BA963142DD0B000227417 /* quit114x114.png */; };
		DE9BA976142DD0B000227417 /* setting114x114.png in Resources */ = {isa = PBXBuildFile; fileRef = DE9BA964142DD0B000227417 /* setting114x114.png */; };
		DE9BA977142DD0B000227417 /* Sweat.png in Resources */ = {isa = PBXBuildFile; fileRef = DE9BA965142DD0B000227417 /* Sweat.png */; };
		DE9BA978142DD0B000227417 /* tab-bottom.png in Resources */ = {isa = PBXBuildFile; fileRef = DE9BA966142DD0B000227417 /* tab-bottom.png */; };
		DE9BA979142DD0B000227417 /* tab-setting.png in Resources */ = {isa = PBXBuildFile; fileRef = DE9BA967142DD0B000227417 /* tab-setting.png */; };
		DE9BA97A142DD0B000227417 /* text-exit.png in Resources */ = {isa = PBXBuildFile; fileRef = DE9BA968142DD0B000227417 /* text-exit.png */; };
		DE9BA97B142DD0B000227417 /* text-play.png in Resources */ = {isa = PBXBuildFile; fileRef = DE9BA969142DD0B000227417 /* text-play.png */; };
		DE9BA97C142DD0B000227417 /* text-setting.png in Resources */ = {isa = PBXBuildFile; fileRef = DE9BA96A142DD0B000227417 /* text-setting.png */; };
		DE9BA97D142DD0B000227417 /* woman-smile.png in Resources */ = {isa = PBXBuildFile; fileRef = DE9BA96B142DD0B000227417 /* woman-smile.png */; };
		DE9BA97E142DD0B000227417 /* woman-unsmile.png in Resources */ = {isa = PBXBuildFile; fileRef = DE9BA96C142DD0B000227417 /* woman-unsmile.png */; };
		DE9BA981142DD0D100227417 /* AndersonFireballXL5.ttf in Resources */ = {isa = PBXBuildFile; fileRef = DE9BA980142DD0D100227417 /* AndersonFireballXL5.ttf */; };
		DE9BA983142DD0E800227417 /* THA0169.ttf in Resources */ = {isa = PBXBuildFile; fileRef = DE9BA982142DD0E800227417 /* THA0169.ttf */; };
		DE9BA987142DD21600227417 /* bg-Contractor2.jpg in Resources */ = {isa = PBXBuildFile; fileRef = DE9BA984142DD21600227417 /* bg-Contractor2.jpg */; };
		DE9BA988142DD21600227417 /* bg-Contractor1-2.jpg in Resources */ = {isa = PBXBuildFile; fileRef = DE9BA985142DD21600227417 /* bg-Contractor1-2.jpg */; };
		DE9BA989142DD21600227417 /* bg-Contractor1.jpg in Resources */ = {isa = PBXBuildFile; fileRef = DE9BA986142DD21600227417 /* bg-Contractor1.jpg */; };
		DE9BA9AB142DD3A500227417 /* bg-question.png in Resources */ = {isa = PBXBuildFile; fileRef = DE9BA995142DD3A500227417 /* bg-question.png */; };
		DE9BA9AC142DD3A500227417 /* box-mission1-lock.png in Resources */ = {isa = PBXBuildFile; fileRef = DE9BA996142DD3A500227417 /* box-mission1-lock.png */; };
		DE9BA9AD142DD3A500227417 /* box-mission1.png in Resources */ = {isa = PBXBuildFile; fileRef = DE9BA997142DD3A500227417 /* box-mission1.png */; };
		DE9BA9AE142DD3A500227417 /* box-mission2-lock.png in Resources */ = {isa = PBXBuildFile; fileRef = DE9BA998142DD3A500227417 /* box-mission2-lock.png */; };
		DE9BA9AF142DD3A500227417 /* box-mission2.png in Resources */ = {isa = PBXBuildFile; fileRef = DE9BA999142DD3A500227417 /* box-mission2.png */; };
		DE9BA9B0142DD3A500227417 /* box-mission3-lock.png in Resources */ = {isa = PBXBuildFile; fileRef = DE9BA99A142DD3A500227417 /* box-mission3-lock.png */; };
		DE9BA9B1142DD3A500227417 /* box-mission3.png in Resources */ = {isa = PBXBuildFile; fileRef = DE9BA99B142DD3A500227417 /* box-mission3.png */; };
		DE9BA9B2142DD3A500227417 /* box-mission4-lock.png in Resources */ = {isa = PBXBuildFile; fileRef = DE9BA99C142DD3A500227417 /* box-mission4-lock.png */; };
		DE9BA9B3142DD3A500227417 /* box-mission4.png in Resources */ = {isa = PBXBuildFile; fileRef = DE9BA99D142DD3A500227417 /* box-mission4.png */; };
		DE9BA9B4142DD3A500227417 /* box-mission5-lock.png in Resources */ = {isa = PBXBuildFile; fileRef = DE9BA99E142DD3A500227417 /* box-mission5-lock.png */; };
		DE9BA9B5142DD3A500227417 /* box-mission5.png in Resources */ = {isa = PBXBuildFile; fileRef = DE9BA99F142DD3A500227417 /* box-mission5.png */; };
		DE9BA9B6142DD3A500227417 /* heart.png in Resources */ = {isa = PBXBuildFile; fileRef = DE9BA9A0142DD3A500227417 /* heart.png */; };
		DE9BA9B7142DD3A500227417 /* house.png in Resources */ = {isa = PBXBuildFile; fileRef = DE9BA9A1142DD3A500227417 /* house.png */; };
		DE9BA9B8142DD3A500227417 /* house+shadow.png in Resources */ = {isa = PBXBuildFile; fileRef = DE9BA9A2142DD3A500227417 /* house+shadow.png */; };
		DE9BA9B9142DD3A500227417 /* icons-correct.png in Resources */ = {isa = PBXBuildFile; fileRef = DE9BA9A3142DD3A500227417 /* icons-correct.png */; };
		DE9BA9BA142DD3A500227417 /* icons-cross.png in Resources */ = {isa = PBXBuildFile; fileRef = DE9BA9A4142DD3A500227417 /* icons-cross.png */; };
		DE9BA9BB142DD3A500227417 /* icons-incorrect.png in Resources */ = {isa = PBXBuildFile; fileRef = DE9BA9A5142DD3A500227417 /* icons-incorrect.png */; };
		DE9BA9BC142DD3A500227417 /* sky1.png in Resources */ = {isa = PBXBuildFile; fileRef = DE9BA9A6142DD3A500227417 /* sky1.png */; };
		DE9BA9BD142DD3A500227417 /* sky2.png in Resources */ = {isa = PBXBuildFile; fileRef = DE9BA9A7142DD3A500227417 /* sky2.png */; };
		DE9BA9BE142DD3A500227417 /* star.png in Resources */ = {isa = PBXBuildFile; fileRef = DE9BA9A8142DD3A500227417 /* star.png */; };
		DE9BA9BF142DD3A500227417 /* Truck.png in Resources */ = {isa = PBXBuildFile; fileRef = DE9BA9A9142DD3A500227417 /* Truck.png */; };
		DE9BA9C0142DD3A500227417 /* Truck+Shadow.png in Resources */ = {isa = PBXBuildFile; fileRef = DE9BA9AA142DD3A500227417 /* Truck+Shadow.png */; };
/* End PBXBuildFile section */

/* Begin PBXFileReference section */
		DE9BA936142DD06600227417 /* SCGGame_ipad.app */ = {isa = PBXFileReference; explicitFileType = wrapper.application; includeInIndex = 0; path = SCGGame_ipad.app; sourceTree = BUILT_PRODUCTS_DIR; };
		DE9BA93A142DD06600227417 /* UIKit.framework */ = {isa = PBXFileReference; lastKnownFileType = wrapper.framework; name = UIKit.framework; path = System/Library/Frameworks/UIKit.framework; sourceTree = SDKROOT; };
		DE9BA93C142DD06600227417 /* Foundation.framework */ = {isa = PBXFileReference; lastKnownFileType = wrapper.framework; name = Foundation.framework; path = System/Library/Frameworks/Foundation.framework; sourceTree = SDKROOT; };
		DE9BA93E142DD06600227417 /* CoreGraphics.framework */ = {isa = PBXFileReference; lastKnownFileType = wrapper.framework; name = CoreGraphics.framework; path = System/Library/Frameworks/CoreGraphics.framework; sourceTree = SDKROOT; };
		DE9BA942142DD06600227417 /* SCGGame_ipad-Info.plist */ = {isa = PBXFileReference; lastKnownFileType = text.plist.xml; path = "SCGGame_ipad-Info.plist"; sourceTree = "<group>"; };
		DE9BA944142DD06600227417 /* en */ = {isa = PBXFileReference; lastKnownFileType = text.plist.strings; name = en; path = en.lproj/InfoPlist.strings; sourceTree = "<group>"; };
		DE9BA946142DD06600227417 /* SCGGame_ipad-Prefix.pch */ = {isa = PBXFileReference; lastKnownFileType = sourcecode.c.h; path = "SCGGame_ipad-Prefix.pch"; sourceTree = "<group>"; };
		DE9BA947142DD06600227417 /* main.m */ = {isa = PBXFileReference; lastKnownFileType = sourcecode.c.objc; path = main.m; sourceTree = "<group>"; };
		DE9BA949142DD06600227417 /* SCGGame_ipadAppDelegate.h */ = {isa = PBXFileReference; lastKnownFileType = sourcecode.c.h; path = SCGGame_ipadAppDelegate.h; sourceTree = "<group>"; };
		DE9BA94A142DD06600227417 /* SCGGame_ipadAppDelegate.m */ = {isa = PBXFileReference; lastKnownFileType = sourcecode.c.objc; path = SCGGame_ipadAppDelegate.m; sourceTree = "<group>"; };
		DE9BA94D142DD06600227417 /* en */ = {isa = PBXFileReference; lastKnownFileType = file.xib; name = en; path = en.lproj/MainWindow.xib; sourceTree = "<group>"; };
		DE9BA94F142DD06600227417 /* SCGGame_ipadViewController.h */ = {isa = PBXFileReference; lastKnownFileType = sourcecode.c.h; path = SCGGame_ipadViewController.h; sourceTree = "<group>"; };
		DE9BA950142DD06600227417 /* SCGGame_ipadViewController.m */ = {isa = PBXFileReference; lastKnownFileType = sourcecode.c.objc; path = SCGGame_ipadViewController.m; sourceTree = "<group>"; };
		DE9BA953142DD06600227417 /* en */ = {isa = PBXFileReference; lastKnownFileType = file.xib; name = en; path = en.lproj/SCGGame_ipadViewController.xib; sourceTree = "<group>"; };
		DE9BA95B142DD0B000227417 /* frame-game.png */ = {isa = PBXFileReference; lastKnownFileType = image.png; path = "frame-game.png"; sourceTree = "<group>"; };
		DE9BA95C142DD0B000227417 /* high-score.png */ = {isa = PBXFileReference; lastKnownFileType = image.png; path = "high-score.png"; sourceTree = "<group>"; };
		DE9BA95D142DD0B000227417 /* hint114x114.png */ = {isa = PBXFileReference; lastKnownFileType = image.png; path = hint114x114.png; sourceTree = "<group>"; };
		DE9BA95E142DD0B000227417 /* icons-play.png */ = {isa = PBXFileReference; lastKnownFileType = image.png; path = "icons-play.png"; sourceTree = "<group>"; };
		DE9BA95F142DD0B000227417 /* icons-question.png */ = {isa = PBXFileReference; lastKnownFileType = image.png; path = "icons-question.png"; sourceTree = "<group>"; };
		DE9BA960142DD0B000227417 /* icons-sound.png */ = {isa = PBXFileReference; lastKnownFileType = image.png; path = "icons-sound.png"; sourceTree = "<group>"; };
		DE9BA961142DD0B000227417 /* logo-game.png */ = {isa = PBXFileReference; lastKnownFileType = image.png; path = "logo-game.png"; sourceTree = "<group>"; };
		DE9BA962142DD0B000227417 /* logo-naichangdee.gif */ = {isa = PBXFileReference; lastKnownFileType = image.gif; path = "logo-naichangdee.gif"; sourceTree = "<group>"; };
		DE9BA963142DD0B000227417 /* quit114x114.png */ = {isa = PBXFileReference; lastKnownFileType = image.png; path = quit114x114.png; sourceTree = "<group>"; };
		DE9BA964142DD0B000227417 /* setting114x114.png */ = {isa = PBXFileReference; lastKnownFileType = image.png; path = setting114x114.png; sourceTree = "<group>"; };
		DE9BA965142DD0B000227417 /* Sweat.png */ = {isa = PBXFileReference; lastKnownFileType = image.png; path = Sweat.png; sourceTree = "<group>"; };
		DE9BA966142DD0B000227417 /* tab-bottom.png */ = {isa = PBXFileReference; lastKnownFileType = image.png; path = "tab-bottom.png"; sourceTree = "<group>"; };
		DE9BA967142DD0B000227417 /* tab-setting.png */ = {isa = PBXFileReference; lastKnownFileType = image.png; path = "tab-setting.png"; sourceTree = "<group>"; };
		DE9BA968142DD0B000227417 /* text-exit.png */ = {isa = PBXFileReference; lastKnownFileType = image.png; path = "text-exit.png"; sourceTree = "<group>"; };
		DE9BA969142DD0B000227417 /* text-play.png */ = {isa = PBXFileReference; lastKnownFileType = image.png; path = "text-play.png"; sourceTree = "<group>"; };
		DE9BA96A142DD0B000227417 /* text-setting.png */ = {isa = PBXFileReference; lastKnownFileType = image.png; path = "text-setting.png"; sourceTree = "<group>"; };
		DE9BA96B142DD0B000227417 /* woman-smile.png */ = {isa = PBXFileReference; lastKnownFileType = image.png; path = "woman-smile.png"; sourceTree = "<group>"; };
		DE9BA96C142DD0B000227417 /* woman-unsmile.png */ = {isa = PBXFileReference; lastKnownFileType = image.png; path = "woman-unsmile.png"; sourceTree = "<group>"; };
		DE9BA980142DD0D100227417 /* AndersonFireballXL5.ttf */ = {isa = PBXFileReference; lastKnownFileType = file; path = AndersonFireballXL5.ttf; sourceTree = "<group>"; };
		DE9BA982142DD0E800227417 /* THA0169.ttf */ = {isa = PBXFileReference; lastKnownFileType = file; path = THA0169.ttf; sourceTree = "<group>"; };
		DE9BA984142DD21600227417 /* bg-Contractor2.jpg */ = {isa = PBXFileReference; lastKnownFileType = image.jpeg; path = "bg-Contractor2.jpg"; sourceTree = "<group>"; };
		DE9BA985142DD21600227417 /* bg-Contractor1-2.jpg */ = {isa = PBXFileReference; lastKnownFileType = image.jpeg; path = "bg-Contractor1-2.jpg"; sourceTree = "<group>"; };
		DE9BA986142DD21600227417 /* bg-Contractor1.jpg */ = {isa = PBXFileReference; lastKnownFileType = image.jpeg; path = "bg-Contractor1.jpg"; sourceTree = "<group>"; };
		DE9BA995142DD3A500227417 /* bg-question.png */ = {isa = PBXFileReference; lastKnownFileType = image.png; path = "bg-question.png"; sourceTree = "<group>"; };
		DE9BA996142DD3A500227417 /* box-mission1-lock.png */ = {isa = PBXFileReference; lastKnownFileType = image.png; path = "box-mission1-lock.png"; sourceTree = "<group>"; };
		DE9BA997142DD3A500227417 /* box-mission1.png */ = {isa = PBXFileReference; lastKnownFileType = image.png; path = "box-mission1.png"; sourceTree = "<group>"; };
		DE9BA998142DD3A500227417 /* box-mission2-lock.png */ = {isa = PBXFileReference; lastKnownFileType = image.png; path = "box-mission2-lock.png"; sourceTree = "<group>"; };
		DE9BA999142DD3A500227417 /* box-mission2.png */ = {isa = PBXFileReference; lastKnownFileType = image.png; path = "box-mission2.png"; sourceTree = "<group>"; };
		DE9BA99A142DD3A500227417 /* box-mission3-lock.png */ = {isa = PBXFileReference; lastKnownFileType = image.png; path = "box-mission3-lock.png"; sourceTree = "<group>"; };
		DE9BA99B142DD3A500227417 /* box-mission3.png */ = {isa = PBXFileReference; lastKnownFileType = image.png; path = "box-mission3.png"; sourceTree = "<group>"; };
		DE9BA99C142DD3A500227417 /* box-mission4-lock.png */ = {isa = PBXFileReference; lastKnownFileType = image.png; path = "box-mission4-lock.png"; sourceTree = "<group>"; };
		DE9BA99D142DD3A500227417 /* box-mission4.png */ = {isa = PBXFileReference; lastKnownFileType = image.png; path = "box-mission4.png"; sourceTree = "<group>"; };
		DE9BA99E142DD3A500227417 /* box-mission5-lock.png */ = {isa = PBXFileReference; lastKnownFileType = image.png; path = "box-mission5-lock.png"; sourceTree = "<group>"; };
		DE9BA99F142DD3A500227417 /* box-mission5.png */ = {isa = PBXFileReference; lastKnownFileType = image.png; path = "box-mission5.png"; sourceTree = "<group>"; };
		DE9BA9A0142DD3A500227417 /* heart.png */ = {isa = PBXFileReference; lastKnownFileType = image.png; path = heart.png; sourceTree = "<group>"; };
		DE9BA9A1142DD3A500227417 /* house.png */ = {isa = PBXFileReference; lastKnownFileType = image.png; path = house.png; sourceTree = "<group>"; };
		DE9BA9A2142DD3A500227417 /* house+shadow.png */ = {isa = PBXFileReference; lastKnownFileType = image.png; path = "house+shadow.png"; sourceTree = "<group>"; };
		DE9BA9A3142DD3A500227417 /* icons-correct.png */ = {isa = PBXFileReference; lastKnownFileType = image.png; path = "icons-correct.png"; sourceTree = "<group>"; };
		DE9BA9A4142DD3A500227417 /* icons-cross.png */ = {isa = PBXFileReference; lastKnownFileType = image.png; path = "icons-cross.png"; sourceTree = "<group>"; };
		DE9BA9A5142DD3A500227417 /* icons-incorrect.png */ = {isa = PBXFileReference; lastKnownFileType = image.png; path = "icons-incorrect.png"; sourceTree = "<group>"; };
		DE9BA9A6142DD3A500227417 /* sky1.png */ = {isa = PBXFileReference; lastKnownFileType = image.png; path = sky1.png; sourceTree = "<group>"; };
		DE9BA9A7142DD3A500227417 /* sky2.png */ = {isa = PBXFileReference; lastKnownFileType = image.png; path = sky2.png; sourceTree = "<group>"; };
		DE9BA9A8142DD3A500227417 /* star.png */ = {isa = PBXFileReference; lastKnownFileType = image.png; path = star.png; sourceTree = "<group>"; };
		DE9BA9A9142DD3A500227417 /* Truck.png */ = {isa = PBXFileReference; lastKnownFileType = image.png; path = Truck.png; sourceTree = "<group>"; };
		DE9BA9AA142DD3A500227417 /* Truck+Shadow.png */ = {isa = PBXFileReference; lastKnownFileType = image.png; path = "Truck+Shadow.png"; sourceTree = "<group>"; };
/* End PBXFileReference section */

/* Begin PBXFrameworksBuildPhase section */
		DE9BA933142DD06600227417 /* Frameworks */ = {
			isa = PBXFrameworksBuildPhase;
			buildActionMask = 2147483647;
			files = (
				DE9BA93B142DD06600227417 /* UIKit.framework in Frameworks */,
				DE9BA93D142DD06600227417 /* Foundation.framework in Frameworks */,
				DE9BA93F142DD06600227417 /* CoreGraphics.framework in Frameworks */,
			);
			runOnlyForDeploymentPostprocessing = 0;
		};
/* End PBXFrameworksBuildPhase section */

/* Begin PBXGroup section */
		DE9BA92B142DD06600227417 = {
			isa = PBXGroup;
			children = (
				DE9BA97F142DD0B600227417 /* Font */,
				DE9BA95A142DD09900227417 /* ImageResource */,
				DE9BA940142DD06600227417 /* SCGGame_ipad */,
				DE9BA939142DD06600227417 /* Frameworks */,
				DE9BA937142DD06600227417 /* Products */,
			);
			sourceTree = "<group>";
		};
		DE9BA937142DD06600227417 /* Products */ = {
			isa = PBXGroup;
			children = (
				DE9BA936142DD06600227417 /* SCGGame_ipad.app */,
			);
			name = Products;
			sourceTree = "<group>";
		};
		DE9BA939142DD06600227417 /* Frameworks */ = {
			isa = PBXGroup;
			children = (
				DE9BA93A142DD06600227417 /* UIKit.framework */,
				DE9BA93C142DD06600227417 /* Foundation.framework */,
				DE9BA93E142DD06600227417 /* CoreGraphics.framework */,
			);
			name = Frameworks;
			sourceTree = "<group>";
		};
		DE9BA940142DD06600227417 /* SCGGame_ipad */ = {
			isa = PBXGroup;
			children = (
				DE9BA949142DD06600227417 /* SCGGame_ipadAppDelegate.h */,
				DE9BA94A142DD06600227417 /* SCGGame_ipadAppDelegate.m */,
				DE9BA94C142DD06600227417 /* MainWindow.xib */,
				DE9BA94F142DD06600227417 /* SCGGame_ipadViewController.h */,
				DE9BA950142DD06600227417 /* SCGGame_ipadViewController.m */,
				DE9BA952142DD06600227417 /* SCGGame_ipadViewController.xib */,
				DE9BA941142DD06600227417 /* Supporting Files */,
			);
			path = SCGGame_ipad;
			sourceTree = "<group>";
		};
		DE9BA941142DD06600227417 /* Supporting Files */ = {
			isa = PBXGroup;
			children = (
				DE9BA942142DD06600227417 /* SCGGame_ipad-Info.plist */,
				DE9BA943142DD06600227417 /* InfoPlist.strings */,
				DE9BA946142DD06600227417 /* SCGGame_ipad-Prefix.pch */,
				DE9BA947142DD06600227417 /* main.m */,
			);
			name = "Supporting Files";
			sourceTree = "<group>";
		};
		DE9BA95A142DD09900227417 /* ImageResource */ = {
			isa = PBXGroup;
			children = (
				DE9BA994142DD34000227417 /* object */,
				DE9BA98B142DD23000227417 /* icon */,
				DE9BA98A142DD21C00227417 /* bg */,
			);
			name = ImageResource;
			sourceTree = "<group>";
		};
		DE9BA97F142DD0B600227417 /* Font */ = {
			isa = PBXGroup;
			children = (
				DE9BA980142DD0D100227417 /* AndersonFireballXL5.ttf */,
				DE9BA982142DD0E800227417 /* THA0169.ttf */,
			);
			name = Font;
			sourceTree = "<group>";
		};
		DE9BA98A142DD21C00227417 /* bg */ = {
			isa = PBXGroup;
			children = (
				DE9BA984142DD21600227417 /* bg-Contractor2.jpg */,
				DE9BA985142DD21600227417 /* bg-Contractor1-2.jpg */,
				DE9BA986142DD21600227417 /* bg-Contractor1.jpg */,
			);
			name = bg;
			sourceTree = "<group>";
		};
		DE9BA98B142DD23000227417 /* icon */ = {
			isa = PBXGroup;
			children = (
				DE9BA95B142DD0B000227417 /* frame-game.png */,
				DE9BA95C142DD0B000227417 /* high-score.png */,
				DE9BA95D142DD0B000227417 /* hint114x114.png */,
				DE9BA95E142DD0B000227417 /* icons-play.png */,
				DE9BA95F142DD0B000227417 /* icons-question.png */,
				DE9BA960142DD0B000227417 /* icons-sound.png */,
				DE9BA961142DD0B000227417 /* logo-game.png */,
				DE9BA962142DD0B000227417 /* logo-naichangdee.gif */,
				DE9BA963142DD0B000227417 /* quit114x114.png */,
				DE9BA964142DD0B000227417 /* setting114x114.png */,
				DE9BA965142DD0B000227417 /* Sweat.png */,
				DE9BA966142DD0B000227417 /* tab-bottom.png */,
				DE9BA967142DD0B000227417 /* tab-setting.png */,
				DE9BA968142DD0B000227417 /* text-exit.png */,
				DE9BA969142DD0B000227417 /* text-play.png */,
				DE9BA96A142DD0B000227417 /* text-setting.png */,
				DE9BA96B142DD0B000227417 /* woman-smile.png */,
				DE9BA96C142DD0B000227417 /* woman-unsmile.png */,
			);
			name = icon;
			sourceTree = "<group>";
		};
		DE9BA994142DD34000227417 /* object */ = {
			isa = PBXGroup;
			children = (
				DE9BA995142DD3A500227417 /* bg-question.png */,
				DE9BA996142DD3A500227417 /* box-mission1-lock.png */,
				DE9BA997142DD3A500227417 /* box-mission1.png */,
				DE9BA998142DD3A500227417 /* box-mission2-lock.png */,
				DE9BA999142DD3A500227417 /* box-mission2.png */,
				DE9BA99A142DD3A500227417 /* box-mission3-lock.png */,
				DE9BA99B142DD3A500227417 /* box-mission3.png */,
				DE9BA99C142DD3A500227417 /* box-mission4-lock.png */,
				DE9BA99D142DD3A500227417 /* box-mission4.png */,
				DE9BA99E142DD3A500227417 /* box-mission5-lock.png */,
				DE9BA99F142DD3A500227417 /* box-mission5.png */,
				DE9BA9A0142DD3A500227417 /* heart.png */,
				DE9BA9A1142DD3A500227417 /* house.png */,
				DE9BA9A2142DD3A500227417 /* house+shadow.png */,
				DE9BA9A3142DD3A500227417 /* icons-correct.png */,
				DE9BA9A4142DD3A500227417 /* icons-cross.png */,
				DE9BA9A5142DD3A500227417 /* icons-incorrect.png */,
				DE9BA9A6142DD3A500227417 /* sky1.png */,
				DE9BA9A7142DD3A500227417 /* sky2.png */,
				DE9BA9A8142DD3A500227417 /* star.png */,
				DE9BA9A9142DD3A500227417 /* Truck.png */,
				DE9BA9AA142DD3A500227417 /* Truck+Shadow.png */,
			);
			name = object;
			sourceTree = "<group>";
		};
/* End PBXGroup section */

/* Begin PBXNativeTarget section */
		DE9BA935142DD06600227417 /* SCGGame_ipad */ = {
			isa = PBXNativeTarget;
			buildConfigurationList = DE9BA957142DD06600227417 /* Build configuration list for PBXNativeTarget "SCGGame_ipad" */;
			buildPhases = (
				DE9BA932142DD06600227417 /* Sources */,
				DE9BA933142DD06600227417 /* Frameworks */,
				DE9BA934142DD06600227417 /* Resources */,
			);
			buildRules = (
			);
			dependencies = (
			);
			name = SCGGame_ipad;
			productName = SCGGame_ipad;
			productReference = DE9BA936142DD06600227417 /* SCGGame_ipad.app */;
			productType = "com.apple.product-type.application";
		};
/* End PBXNativeTarget section */

/* Begin PBXProject section */
		DE9BA92D142DD06600227417 /* Project object */ = {
			isa = PBXProject;
			attributes = {
				ORGANIZATIONNAME = "CloudDHA Mobile Application Development";
			};
			buildConfigurationList = DE9BA930142DD06600227417 /* Build configuration list for PBXProject "SCGGame_ipad" */;
			compatibilityVersion = "Xcode 3.2";
			developmentRegion = English;
			hasScannedForEncodings = 0;
			knownRegions = (
				en,
			);
			mainGroup = DE9BA92B142DD06600227417;
			productRefGroup = DE9BA937142DD06600227417 /* Products */;
			projectDirPath = "";
			projectRoot = "";
			targets = (
				DE9BA935142DD06600227417 /* SCGGame_ipad */,
			);
		};
/* End PBXProject section */

/* Begin PBXResourcesBuildPhase section */
		DE9BA934142DD06600227417 /* Resources */ = {
			isa = PBXResourcesBuildPhase;
			buildActionMask = 2147483647;
			files = (
				DE9BA945142DD06600227417 /* InfoPlist.strings in Resources */,
				DE9BA94E142DD06600227417 /* MainWindow.xib in Resources */,
				DE9BA954142DD06600227417 /* SCGGame_ipadViewController.xib in Resources */,
				DE9BA96D142DD0B000227417 /* frame-game.png in Resources */,
				DE9BA96E142DD0B000227417 /* high-score.png in Resources */,
				DE9BA96F142DD0B000227417 /* hint114x114.png in Resources */,
				DE9BA970142DD0B000227417 /* icons-play.png in Resources */,
				DE9BA971142DD0B000227417 /* icons-question.png in Resources */,
				DE9BA972142DD0B000227417 /* icons-sound.png in Resources */,
				DE9BA973142DD0B000227417 /* logo-game.png in Resources */,
				DE9BA974142DD0B000227417 /* logo-naichangdee.gif in Resources */,
				DE9BA975142DD0B000227417 /* quit114x114.png in Resources */,
				DE9BA976142DD0B000227417 /* setting114x114.png in Resources */,
				DE9BA977142DD0B000227417 /* Sweat.png in Resources */,
				DE9BA978142DD0B000227417 /* tab-bottom.png in Resources */,
				DE9BA979142DD0B000227417 /* tab-setting.png in Resources */,
				DE9BA97A142DD0B000227417 /* text-exit.png in Resources */,
				DE9BA97B142DD0B000227417 /* text-play.png in Resources */,
				DE9BA97C142DD0B000227417 /* text-setting.png in Resources */,
				DE9BA97D142DD0B000227417 /* woman-smile.png in Resources */,
				DE9BA97E142DD0B000227417 /* woman-unsmile.png in Resources */,
				DE9BA981142DD0D100227417 /* AndersonFireballXL5.ttf in Resources */,
				DE9BA983142DD0E800227417 /* THA0169.ttf in Resources */,
				DE9BA987142DD21600227417 /* bg-Contractor2.jpg in Resources */,
				DE9BA988142DD21600227417 /* bg-Contractor1-2.jpg in Resources */,
				DE9BA989142DD21600227417 /* bg-Contractor1.jpg in Resources */,
				DE9BA9AB142DD3A500227417 /* bg-question.png in Resources */,
				DE9BA9AC142DD3A500227417 /* box-mission1-lock.png in Resources */,
				DE9BA9AD142DD3A500227417 /* box-mission1.png in Resources */,
				DE9BA9AE142DD3A500227417 /* box-mission2-lock.png in Resources */,
				DE9BA9AF142DD3A500227417 /* box-mission2.png in Resources */,
				DE9BA9B0142DD3A500227417 /* box-mission3-lock.png in Resources */,
				DE9BA9B1142DD3A500227417 /* box-mission3.png in Resources */,
				DE9BA9B2142DD3A500227417 /* box-mission4-lock.png in Resources */,
				DE9BA9B3142DD3A500227417 /* box-mission4.png in Resources */,
				DE9BA9B4142DD3A500227417 /* box-mission5-lock.png in Resources */,
				DE9BA9B5142DD3A500227417 /* box-mission5.png in Resources */,
				DE9BA9B6142DD3A500227417 /* heart.png in Resources */,
				DE9BA9B7142DD3A500227417 /* house.png in Resources */,
				DE9BA9B8142DD3A500227417 /* house+shadow.png in Resources */,
				DE9BA9B9142DD3A500227417 /* icons-correct.png in Resources */,
				DE9BA9BA142DD3A500227417 /* icons-cross.png in Resources */,
				DE9BA9BB142DD3A500227417 /* icons-incorrect.png in Resources */,
				DE9BA9BC142DD3A500227417 /* sky1.png in Resources */,
				DE9BA9BD142DD3A500227417 /* sky2.png in Resources */,
				DE9BA9BE142DD3A500227417 /* star.png in Resources */,
				DE9BA9BF142DD3A500227417 /* Truck.png in Resources */,
				DE9BA9C0142DD3A500227417 /* Truck+Shadow.png in Resources */,
			);
			runOnlyForDeploymentPostprocessing = 0;
		};
/* End PBXResourcesBuildPhase section */

/* Begin PBXSourcesBuildPhase section */
		DE9BA932142DD06600227417 /* Sources */ = {
			isa = PBXSourcesBuildPhase;
			buildActionMask = 2147483647;
			files = (
				DE9BA948142DD06600227417 /* main.m in Sources */,
				DE9BA94B142DD06600227417 /* SCGGame_ipadAppDelegate.m in Sources */,
				DE9BA951142DD06600227417 /* SCGGame_ipadViewController.m in Sources */,
			);
			runOnlyForDeploymentPostprocessing = 0;
		};
/* End PBXSourcesBuildPhase section */

/* Begin PBXVariantGroup section */
		DE9BA943142DD06600227417 /* InfoPlist.strings */ = {
			isa = PBXVariantGroup;
			children = (
				DE9BA944142DD06600227417 /* en */,
			);
			name = InfoPlist.strings;
			sourceTree = "<group>";
		};
		DE9BA94C142DD06600227417 /* MainWindow.xib */ = {
			isa = PBXVariantGroup;
			children = (
				DE9BA94D142DD06600227417 /* en */,
			);
			name = MainWindow.xib;
			sourceTree = "<group>";
		};
		DE9BA952142DD06600227417 /* SCGGame_ipadViewController.xib */ = {
			isa = PBXVariantGroup;
			children = (
				DE9BA953142DD06600227417 /* en */,
			);
			name = SCGGame_ipadViewController.xib;
			sourceTree = "<group>";
		};
/* End PBXVariantGroup section */

/* Begin XCBuildConfiguration section */
		DE9BA955142DD06600227417 /* Debug */ = {
			isa = XCBuildConfiguration;
			buildSettings = {
				ARCHS = "$(ARCHS_UNIVERSAL_IPHONE_OS)";
				"CODE_SIGN_IDENTITY[sdk=iphoneos*]" = "iPhone Developer";
				GCC_C_LANGUAGE_STANDARD = gnu99;
				GCC_OPTIMIZATION_LEVEL = 0;
				GCC_PREPROCESSOR_DEFINITIONS = DEBUG;
				GCC_SYMBOLS_PRIVATE_EXTERN = NO;
				GCC_VERSION = com.apple.compilers.llvmgcc42;
				GCC_WARN_ABOUT_RETURN_TYPE = YES;
				GCC_WARN_UNUSED_VARIABLE = YES;
				IPHONEOS_DEPLOYMENT_TARGET = 4.3;
				SDKROOT = iphoneos;
				TARGETED_DEVICE_FAMILY = 2;
			};
			name = Debug;
		};
		DE9BA956142DD06600227417 /* Release */ = {
			isa = XCBuildConfiguration;
			buildSettings = {
				ARCHS = "$(ARCHS_UNIVERSAL_IPHONE_OS)";
				"CODE_SIGN_IDENTITY[sdk=iphoneos*]" = "iPhone Developer";
				GCC_C_LANGUAGE_STANDARD = gnu99;
				GCC_VERSION = com.apple.compilers.llvmgcc42;
				GCC_WARN_ABOUT_RETURN_TYPE = YES;
				GCC_WARN_UNUSED_VARIABLE = YES;
				IPHONEOS_DEPLOYMENT_TARGET = 4.3;
				OTHER_CFLAGS = "-DNS_BLOCK_ASSERTIONS=1";
				SDKROOT = iphoneos;
				TARGETED_DEVICE_FAMILY = 2;
			};
			name = Release;
		};
		DE9BA958142DD06600227417 /* Debug */ = {
			isa = XCBuildConfiguration;
			buildSettings = {
				ALWAYS_SEARCH_USER_PATHS = NO;
				COPY_PHASE_STRIP = NO;
				GCC_DYNAMIC_NO_PIC = NO;
				GCC_PRECOMPILE_PREFIX_HEADER = YES;
				GCC_PREFIX_HEADER = "SCGGame_ipad/SCGGame_ipad-Prefix.pch";
				INFOPLIST_FILE = "SCGGame_ipad/SCGGame_ipad-Info.plist";
				PRODUCT_NAME = "$(TARGET_NAME)";
				WRAPPER_EXTENSION = app;
			};
			name = Debug;
		};
		DE9BA959142DD06600227417 /* Release */ = {
			isa = XCBuildConfiguration;
			buildSettings = {
				ALWAYS_SEARCH_USER_PATHS = NO;
				COPY_PHASE_STRIP = YES;
				GCC_PRECOMPILE_PREFIX_HEADER = YES;
				GCC_PREFIX_HEADER = "SCGGame_ipad/SCGGame_ipad-Prefix.pch";
				INFOPLIST_FILE = "SCGGame_ipad/SCGGame_ipad-Info.plist";
				PRODUCT_NAME = "$(TARGET_NAME)";
				VALIDATE_PRODUCT = YES;
				WRAPPER_EXTENSION = app;
			};
			name = Release;
		};
/* End XCBuildConfiguration section */

/* Begin XCConfigurationList section */
		DE9BA930142DD06600227417 /* Build configuration list for PBXProject "SCGGame_ipad" */ = {
			isa = XCConfigurationList;
			buildConfigurations = (
				DE9BA955142DD06600227417 /* Debug */,
				DE9BA956142DD06600227417 /* Release */,
			);
			defaultConfigurationIsVisible = 0;
			defaultConfigurationName = Release;
		};
		DE9BA957142DD06600227417 /* Build configuration list for PBXNativeTarget "SCGGame_ipad" */ = {
			isa = XCConfigurationList;
			buildConfigurations = (
				DE9BA958142DD06600227417 /* Debug */,
				DE9BA959142DD06600227417 /* Release */,
			);
			defaultConfigurationIsVisible = 0;
		};
/* End XCConfigurationList section */
	};
	rootObject = DE9BA92D142DD06600227417 /* Project object */;
}
